
Microsoft Visual Studio Solution File, Format Version 11.00
# Visual Studio 2010
Project("{2150E333-8FDC-42A3-9474-1A3956D46DE8}") = "Main-Application", "Main-Application", "{79777FBA-69ED-4B0A-BC87-C0FD6FE2DAAF}"
EndProject
Project("{2150E333-8FDC-42A3-9474-1A3956D46DE8}") = "Plugins", "Plugins", "{EE654901-D07A-40C7-A998-D435BECE556C}"
EndProject
Project("{FAE04EC0-301F-11D3-BF4B-00C04F79EFBC}") = "Interfaces", "..\Interfaces\Interfaces\Interfaces.csproj", "{3399BC99-F9D8-4A3D-BC07-CFF8E2BFC4CD}"
EndProject
Project("{FAE04EC0-301F-11D3-BF4B-00C04F79EFBC}") = "Organisation", "..\Organisation\Organisation\Organisation.csproj", "{56601617-3926-45DC-918D-1E671A4AF427}"
EndProject
Project("{FAE04EC0-301F-11D3-BF4B-00C04F79EFBC}") = "Observer", "..\Observer\Observer\Observer.csproj", "{CA1BCA49-7CAE-4B34-81C2-15B2405142DC}"
EndProject
Project("{FAE04EC0-301F-11D3-BF4B-00C04F79EFBC}") = "PlayControl", "..\PlayControl\PlayControl\PlayControl.csproj", "{558DAB76-7E7D-435F-8D09-E78FBC3D968D}"
EndProject
Project("{FAE04EC0-301F-11D3-BF4B-00C04F79EFBC}") = "UserInterface", "..\UserInterface\UserInterface\UserInterface.csproj", "{E0012AA6-22A5-4AAC-9EA7-30F7CB017C42}"
EndProject
Project("{FAE04EC0-301F-11D3-BF4B-00C04F79EFBC}") = "ResourceLibrary", "..\ResourceLibrary\ResourceLibrary\ResourceLibrary.csproj", "{A7C8376E-E8EE-4F73-80E2-BAA439B09CAB}"
EndProject
Project("{FAE04EC0-301F-11D3-BF4B-00C04F79EFBC}") = "PluginManager", "..\PluginManager\PluginManager.csproj", "{EA299A79-B84A-4E28-AD73-C1294D2EF88B}"
EndProject
Project("{FAE04EC0-301F-11D3-BF4B-00C04F79EFBC}") = "RadioNoise", "..\Plugins\RadioNoise\RadioNoise.csproj", "{D591AA77-9154-41CD-A216-915A1B7C2B59}"
EndProject
Project("{FAE04EC0-301F-11D3-BF4B-00C04F79EFBC}") = "Webservice", "..\Plugins\Webservice\Webservice.csproj", "{3C05E008-DC10-4F52-B52C-02FDFE5A87A3}"
EndProject
Global
	GlobalSection(SolutionConfigurationPlatforms) = preSolution
		Debug|Any CPU = Debug|Any CPU
		Debug|x86 = Debug|x86
		Release|Any CPU = Release|Any CPU
		Release|x86 = Release|x86
	EndGlobalSection
	GlobalSection(ProjectConfigurationPlatforms) = postSolution
		{3399BC99-F9D8-4A3D-BC07-CFF8E2BFC4CD}.Debug|Any CPU.ActiveCfg = Debug|x86
		{3399BC99-F9D8-4A3D-BC07-CFF8E2BFC4CD}.Debug|Any CPU.Build.0 = Debug|x86
		{3399BC99-F9D8-4A3D-BC07-CFF8E2BFC4CD}.Debug|x86.ActiveCfg = Debug|x86
		{3399BC99-F9D8-4A3D-BC07-CFF8E2BFC4CD}.Debug|x86.Build.0 = Debug|x86
		{3399BC99-F9D8-4A3D-BC07-CFF8E2BFC4CD}.Release|Any CPU.ActiveCfg = Release|Any CPU
		{3399BC99-F9D8-4A3D-BC07-CFF8E2BFC4CD}.Release|Any CPU.Build.0 = Release|Any CPU
		{3399BC99-F9D8-4A3D-BC07-CFF8E2BFC4CD}.Release|x86.ActiveCfg = Release|x86
		{3399BC99-F9D8-4A3D-BC07-CFF8E2BFC4CD}.Release|x86.Build.0 = Release|x86
		{56601617-3926-45DC-918D-1E671A4AF427}.Debug|Any CPU.ActiveCfg = Debug|x86
		{56601617-3926-45DC-918D-1E671A4AF427}.Debug|Any CPU.Build.0 = Debug|x86
		{56601617-3926-45DC-918D-1E671A4AF427}.Debug|x86.ActiveCfg = Debug|x86
		{56601617-3926-45DC-918D-1E671A4AF427}.Debug|x86.Build.0 = Debug|x86
		{56601617-3926-45DC-918D-1E671A4AF427}.Release|Any CPU.ActiveCfg = Release|Any CPU
		{56601617-3926-45DC-918D-1E671A4AF427}.Release|Any CPU.Build.0 = Release|Any CPU
		{56601617-3926-45DC-918D-1E671A4AF427}.Release|x86.ActiveCfg = Release|x86
		{56601617-3926-45DC-918D-1E671A4AF427}.Release|x86.Build.0 = Release|x86
		{CA1BCA49-7CAE-4B34-81C2-15B2405142DC}.Debug|Any CPU.ActiveCfg = Debug|x86
		{CA1BCA49-7CAE-4B34-81C2-15B2405142DC}.Debug|Any CPU.Build.0 = Debug|x86
		{CA1BCA49-7CAE-4B34-81C2-15B2405142DC}.Debug|x86.ActiveCfg = Debug|x86
		{CA1BCA49-7CAE-4B34-81C2-15B2405142DC}.Debug|x86.Build.0 = Debug|x86
		{CA1BCA49-7CAE-4B34-81C2-15B2405142DC}.Release|Any CPU.ActiveCfg = Release|Any CPU
		{CA1BCA49-7CAE-4B34-81C2-15B2405142DC}.Release|Any CPU.Build.0 = Release|Any CPU
		{CA1BCA49-7CAE-4B34-81C2-15B2405142DC}.Release|x86.ActiveCfg = Release|x86
		{CA1BCA49-7CAE-4B34-81C2-15B2405142DC}.Release|x86.Build.0 = Release|x86
		{558DAB76-7E7D-435F-8D09-E78FBC3D968D}.Debug|Any CPU.ActiveCfg = Debug|x86
		{558DAB76-7E7D-435F-8D09-E78FBC3D968D}.Debug|Any CPU.Build.0 = Debug|x86
		{558DAB76-7E7D-435F-8D09-E78FBC3D968D}.Debug|x86.ActiveCfg = Debug|x86
		{558DAB76-7E7D-435F-8D09-E78FBC3D968D}.Debug|x86.Build.0 = Debug|x86
		{558DAB76-7E7D-435F-8D09-E78FBC3D968D}.Release|Any CPU.ActiveCfg = Release|Any CPU
		{558DAB76-7E7D-435F-8D09-E78FBC3D968D}.Release|Any CPU.Build.0 = Release|Any CPU
		{558DAB76-7E7D-435F-8D09-E78FBC3D968D}.Release|x86.ActiveCfg = Release|x86
		{558DAB76-7E7D-435F-8D09-E78FBC3D968D}.Release|x86.Build.0 = Release|x86
		{E0012AA6-22A5-4AAC-9EA7-30F7CB017C42}.Debug|Any CPU.ActiveCfg = Debug|x86
		{E0012AA6-22A5-4AAC-9EA7-30F7CB017C42}.Debug|Any CPU.Build.0 = Debug|x86
		{E0012AA6-22A5-4AAC-9EA7-30F7CB017C42}.Debug|x86.ActiveCfg = Debug|x86
		{E0012AA6-22A5-4AAC-9EA7-30F7CB017C42}.Debug|x86.Build.0 = Debug|x86
		{E0012AA6-22A5-4AAC-9EA7-30F7CB017C42}.Release|Any CPU.ActiveCfg = Release|Any CPU
		{E0012AA6-22A5-4AAC-9EA7-30F7CB017C42}.Release|Any CPU.Build.0 = Release|Any CPU
		{E0012AA6-22A5-4AAC-9EA7-30F7CB017C42}.Release|x86.ActiveCfg = Release|x86
		{E0012AA6-22A5-4AAC-9EA7-30F7CB017C42}.Release|x86.Build.0 = Release|x86
		{A7C8376E-E8EE-4F73-80E2-BAA439B09CAB}.Debug|Any CPU.ActiveCfg = Debug|x86
		{A7C8376E-E8EE-4F73-80E2-BAA439B09CAB}.Debug|Any CPU.Build.0 = Debug|x86
		{A7C8376E-E8EE-4F73-80E2-BAA439B09CAB}.Debug|x86.ActiveCfg = Debug|x86
		{A7C8376E-E8EE-4F73-80E2-BAA439B09CAB}.Debug|x86.Build.0 = Debug|x86
		{A7C8376E-E8EE-4F73-80E2-BAA439B09CAB}.Release|Any CPU.ActiveCfg = Release|Any CPU
		{A7C8376E-E8EE-4F73-80E2-BAA439B09CAB}.Release|Any CPU.Build.0 = Release|Any CPU
		{A7C8376E-E8EE-4F73-80E2-BAA439B09CAB}.Release|x86.ActiveCfg = Release|x86
		{A7C8376E-E8EE-4F73-80E2-BAA439B09CAB}.Release|x86.Build.0 = Release|x86
		{EA299A79-B84A-4E28-AD73-C1294D2EF88B}.Debug|Any CPU.ActiveCfg = Debug|x86
		{EA299A79-B84A-4E28-AD73-C1294D2EF88B}.Debug|Any CPU.Build.0 = Debug|x86
		{EA299A79-B84A-4E28-AD73-C1294D2EF88B}.Debug|x86.ActiveCfg = Debug|x86
		{EA299A79-B84A-4E28-AD73-C1294D2EF88B}.Debug|x86.Build.0 = Debug|x86
		{EA299A79-B84A-4E28-AD73-C1294D2EF88B}.Release|Any CPU.ActiveCfg = Release|Any CPU
		{EA299A79-B84A-4E28-AD73-C1294D2EF88B}.Release|Any CPU.Build.0 = Release|Any CPU
		{EA299A79-B84A-4E28-AD73-C1294D2EF88B}.Release|x86.ActiveCfg = Release|x86
		{EA299A79-B84A-4E28-AD73-C1294D2EF88B}.Release|x86.Build.0 = Release|x86
		{D591AA77-9154-41CD-A216-915A1B7C2B59}.Debug|Any CPU.ActiveCfg = Debug|x86
		{D591AA77-9154-41CD-A216-915A1B7C2B59}.Debug|Any CPU.Build.0 = Debug|x86
		{D591AA77-9154-41CD-A216-915A1B7C2B59}.Debug|x86.ActiveCfg = Debug|x86
		{D591AA77-9154-41CD-A216-915A1B7C2B59}.Debug|x86.Build.0 = Debug|x86
		{D591AA77-9154-41CD-A216-915A1B7C2B59}.Release|Any CPU.ActiveCfg = Release|Any CPU
		{D591AA77-9154-41CD-A216-915A1B7C2B59}.Release|Any CPU.Build.0 = Release|Any CPU
		{D591AA77-9154-41CD-A216-915A1B7C2B59}.Release|x86.ActiveCfg = Release|x86
		{D591AA77-9154-41CD-A216-915A1B7C2B59}.Release|x86.Build.0 = Release|x86
		{3C05E008-DC10-4F52-B52C-02FDFE5A87A3}.Debug|Any CPU.ActiveCfg = Debug|x86
		{3C05E008-DC10-4F52-B52C-02FDFE5A87A3}.Debug|Any CPU.Build.0 = Debug|x86
		{3C05E008-DC10-4F52-B52C-02FDFE5A87A3}.Debug|x86.ActiveCfg = Debug|x86
		{3C05E008-DC10-4F52-B52C-02FDFE5A87A3}.Debug|x86.Build.0 = Debug|x86
		{3C05E008-DC10-4F52-B52C-02FDFE5A87A3}.Release|Any CPU.ActiveCfg = Release|Any CPU
		{3C05E008-DC10-4F52-B52C-02FDFE5A87A3}.Release|Any CPU.Build.0 = Release|Any CPU
		{3C05E008-DC10-4F52-B52C-02FDFE5A87A3}.Release|x86.ActiveCfg = Release|x86
		{3C05E008-DC10-4F52-B52C-02FDFE5A87A3}.Release|x86.Build.0 = Release|x86
	EndGlobalSection
	GlobalSection(SolutionProperties) = preSolution
		HideSolutionNode = FALSE
	EndGlobalSection
	GlobalSection(NestedProjects) = preSolution
		{3399BC99-F9D8-4A3D-BC07-CFF8E2BFC4CD} = {79777FBA-69ED-4B0A-BC87-C0FD6FE2DAAF}
		{56601617-3926-45DC-918D-1E671A4AF427} = {79777FBA-69ED-4B0A-BC87-C0FD6FE2DAAF}
		{CA1BCA49-7CAE-4B34-81C2-15B2405142DC} = {79777FBA-69ED-4B0A-BC87-C0FD6FE2DAAF}
		{558DAB76-7E7D-435F-8D09-E78FBC3D968D} = {79777FBA-69ED-4B0A-BC87-C0FD6FE2DAAF}
		{E0012AA6-22A5-4AAC-9EA7-30F7CB017C42} = {79777FBA-69ED-4B0A-BC87-C0FD6FE2DAAF}
		{A7C8376E-E8EE-4F73-80E2-BAA439B09CAB} = {79777FBA-69ED-4B0A-BC87-C0FD6FE2DAAF}
		{EA299A79-B84A-4E28-AD73-C1294D2EF88B} = {79777FBA-69ED-4B0A-BC87-C0FD6FE2DAAF}
		{D591AA77-9154-41CD-A216-915A1B7C2B59} = {EE654901-D07A-40C7-A998-D435BECE556C}
		{3C05E008-DC10-4F52-B52C-02FDFE5A87A3} = {EE654901-D07A-40C7-A998-D435BECE556C}
	EndGlobalSection
EndGlobal
